
Microsoft Visual Studio Solution File, Format Version 12.00
# Visual Studio Version 17
VisualStudioVersion = 17.4.33213.308
MinimumVisualStudioVersion = 10.0.40219.1
Project("{FAE04EC0-301F-11D3-BF4B-00C04F79EFBC}") = "RecipePlannerDesktopApplication", "RecipePlannerDesktopApplication\RecipePlannerDesktopApplication.csproj", "{64EAD739-A5C8-4243-9866-A640FCBBC89C}"
EndProject
Project("{FAE04EC0-301F-11D3-BF4B-00C04F79EFBC}") = "RecipePlannerWebApplication", "RecipePlannerWebApplication\RecipePlannerWebApplication.csproj", "{4EC23151-B6F5-4933-98C5-410D4451793D}"
EndProject
Global
	GlobalSection(SolutionConfigurationPlatforms) = preSolution
		Debug|Any CPU = Debug|Any CPU
		Release|Any CPU = Release|Any CPU
	EndGlobalSection
	GlobalSection(ProjectConfigurationPlatforms) = postSolution
		{64EAD739-A5C8-4243-9866-A640FCBBC89C}.Debug|Any CPU.ActiveCfg = Debug|Any CPU
		{64EAD739-A5C8-4243-9866-A640FCBBC89C}.Debug|Any CPU.Build.0 = Debug|Any CPU
		{64EAD739-A5C8-4243-9866-A640FCBBC89C}.Release|Any CPU.ActiveCfg = Release|Any CPU
		{64EAD739-A5C8-4243-9866-A640FCBBC89C}.Release|Any CPU.Build.0 = Release|Any CPU
		{4EC23151-B6F5-4933-98C5-410D4451793D}.Debug|Any CPU.ActiveCfg = Debug|Any CPU
		{4EC23151-B6F5-4933-98C5-410D4451793D}.Debug|Any CPU.Build.0 = Debug|Any CPU
		{4EC23151-B6F5-4933-98C5-410D4451793D}.Release|Any CPU.ActiveCfg = Release|Any CPU
		{4EC23151-B6F5-4933-98C5-410D4451793D}.Release|Any CPU.Build.0 = Release|Any CPU
	EndGlobalSection
	GlobalSection(SolutionProperties) = preSolution
		HideSolutionNode = FALSE
	EndGlobalSection
	GlobalSection(ExtensibilityGlobals) = postSolution
		SolutionGuid = {B29EA201-9732-4D8C-B6DC-75269975FD20}
	EndGlobalSection
EndGlobal
