
Microsoft Visual Studio Solution File, Format Version 12.00
# Visual Studio Version 17
VisualStudioVersion = 17.4.33213.308
MinimumVisualStudioVersion = 10.0.40219.1
Project("{9A19103F-16F7-4668-BE54-9A1E7A4F7556}") = "RecipePlannerWebApplication", "RecipePlannerWebApplication\RecipePlannerWebApplication.csproj", "{4EC23151-B6F5-4933-98C5-410D4451793D}"
EndProject
Project("{9A19103F-16F7-4668-BE54-9A1E7A4F7556}") = "RecipePlannerLibrary", "RecipePlannerLibrary\RecipePlannerLibrary.csproj", "{EF498F02-1D03-4ED0-8223-8178DE010B8F}"
EndProject
Project("{9A19103F-16F7-4668-BE54-9A1E7A4F7556}") = "RecipePlannerDesktopApplication", "RecipePlannerDesktopApp\RecipePlannerDesktopApplication.csproj", "{B9D17AAB-3E93-4BF3-B921-195187E5985C}"
EndProject
Project("{FAE04EC0-301F-11D3-BF4B-00C04F79EFBC}") = "RecipePlannerTests", "RecipePlannerTests\RecipePlannerTests.csproj", "{5C294BEA-D3F3-4FA8-ADC3-15B06C0F883F}"
EndProject
Global
	GlobalSection(SolutionConfigurationPlatforms) = preSolution
		Debug|Any CPU = Debug|Any CPU
		Release|Any CPU = Release|Any CPU
	EndGlobalSection
	GlobalSection(ProjectConfigurationPlatforms) = postSolution
		{4EC23151-B6F5-4933-98C5-410D4451793D}.Debug|Any CPU.ActiveCfg = Debug|Any CPU
		{4EC23151-B6F5-4933-98C5-410D4451793D}.Debug|Any CPU.Build.0 = Debug|Any CPU
		{4EC23151-B6F5-4933-98C5-410D4451793D}.Release|Any CPU.ActiveCfg = Release|Any CPU
		{4EC23151-B6F5-4933-98C5-410D4451793D}.Release|Any CPU.Build.0 = Release|Any CPU
		{EF498F02-1D03-4ED0-8223-8178DE010B8F}.Debug|Any CPU.ActiveCfg = Debug|Any CPU
		{EF498F02-1D03-4ED0-8223-8178DE010B8F}.Debug|Any CPU.Build.0 = Debug|Any CPU
		{EF498F02-1D03-4ED0-8223-8178DE010B8F}.Release|Any CPU.ActiveCfg = Release|Any CPU
		{EF498F02-1D03-4ED0-8223-8178DE010B8F}.Release|Any CPU.Build.0 = Release|Any CPU
		{B9D17AAB-3E93-4BF3-B921-195187E5985C}.Debug|Any CPU.ActiveCfg = Debug|Any CPU
		{B9D17AAB-3E93-4BF3-B921-195187E5985C}.Debug|Any CPU.Build.0 = Debug|Any CPU
		{B9D17AAB-3E93-4BF3-B921-195187E5985C}.Release|Any CPU.ActiveCfg = Release|Any CPU
		{B9D17AAB-3E93-4BF3-B921-195187E5985C}.Release|Any CPU.Build.0 = Release|Any CPU
		{5C294BEA-D3F3-4FA8-ADC3-15B06C0F883F}.Debug|Any CPU.ActiveCfg = Debug|Any CPU
		{5C294BEA-D3F3-4FA8-ADC3-15B06C0F883F}.Debug|Any CPU.Build.0 = Debug|Any CPU
		{5C294BEA-D3F3-4FA8-ADC3-15B06C0F883F}.Release|Any CPU.ActiveCfg = Release|Any CPU
		{5C294BEA-D3F3-4FA8-ADC3-15B06C0F883F}.Release|Any CPU.Build.0 = Release|Any CPU
	EndGlobalSection
	GlobalSection(SolutionProperties) = preSolution
		HideSolutionNode = FALSE
	EndGlobalSection
	GlobalSection(ExtensibilityGlobals) = postSolution
		SolutionGuid = {B29EA201-9732-4D8C-B6DC-75269975FD20}
	EndGlobalSection
EndGlobal
